
Microsoft Visual Studio Solution File, Format Version 12.00
# Visual Studio 2013
VisualStudioVersion = 12.0.30723.0
MinimumVisualStudioVersion = 10.0.40219.1
Project("{FAE04EC0-301F-11D3-BF4B-00C04F79EFBC}") = "API", "API\API.csproj", "{861AC49A-9BE5-421A-A5CA-0140BBE63C11}"
EndProject
Project("{FAE04EC0-301F-11D3-BF4B-00C04F79EFBC}") = "API.Tests", "API.Tests\API.Tests.csproj", "{DB97BE95-B230-4C17-ADDE-96D5B530C81B}"
EndProject
Project("{FAE04EC0-301F-11D3-BF4B-00C04F79EFBC}") = "Frontend", "Frontend\Frontend.csproj", "{10BAC7BB-B214-42C3-AC40-4955410BDD37}"
EndProject
Global
	GlobalSection(SolutionConfigurationPlatforms) = preSolution
		Debug|Any CPU = Debug|Any CPU
		Release|Any CPU = Release|Any CPU
	EndGlobalSection
	GlobalSection(ProjectConfigurationPlatforms) = postSolution
		{861AC49A-9BE5-421A-A5CA-0140BBE63C11}.Debug|Any CPU.ActiveCfg = Debug|Any CPU
		{861AC49A-9BE5-421A-A5CA-0140BBE63C11}.Debug|Any CPU.Build.0 = Debug|Any CPU
		{861AC49A-9BE5-421A-A5CA-0140BBE63C11}.Release|Any CPU.ActiveCfg = Release|Any CPU
		{861AC49A-9BE5-421A-A5CA-0140BBE63C11}.Release|Any CPU.Build.0 = Release|Any CPU
		{DB97BE95-B230-4C17-ADDE-96D5B530C81B}.Debug|Any CPU.ActiveCfg = Debug|Any CPU
		{DB97BE95-B230-4C17-ADDE-96D5B530C81B}.Debug|Any CPU.Build.0 = Debug|Any CPU
		{DB97BE95-B230-4C17-ADDE-96D5B530C81B}.Release|Any CPU.ActiveCfg = Release|Any CPU
		{DB97BE95-B230-4C17-ADDE-96D5B530C81B}.Release|Any CPU.Build.0 = Release|Any CPU
		{10BAC7BB-B214-42C3-AC40-4955410BDD37}.Debug|Any CPU.ActiveCfg = Debug|Any CPU
		{10BAC7BB-B214-42C3-AC40-4955410BDD37}.Release|Any CPU.ActiveCfg = Release|Any CPU
		{10BAC7BB-B214-42C3-AC40-4955410BDD37}.Release|Any CPU.Build.0 = Release|Any CPU
	EndGlobalSection
	GlobalSection(SolutionProperties) = preSolution
		HideSolutionNode = FALSE
	EndGlobalSection
EndGlobal
